{
  "name": "miru",
  "version": "0.7.13",
  "lockfileVersion": 1,
  "dependencies": {
    "ansi-regex": {
      "version": "2.1.1",
      "resolved": "https://registry.npmjs.org/ansi-regex/-/ansi-regex-2.1.1.tgz",
      "integrity": "sha1-w7M6te42DYbg5ijwRorn7yfWVN8="
    },
    "balanced-match": {
      "version": "1.0.0",
      "resolved": "https://registry.npmjs.org/balanced-match/-/balanced-match-1.0.0.tgz",
      "integrity": "sha1-ibTRmasr7kneFk6gK4nORi1xt2c="
    },
    "brace-expansion": {
      "version": "1.1.8",
      "resolved": "https://registry.npmjs.org/brace-expansion/-/brace-expansion-1.1.8.tgz",
      "integrity": "sha1-wHshHHyVLsH479Uad+8NHTmQopI="
    },
    "cli-color": {
      "version": "1.2.0",
      "resolved": "https://registry.npmjs.org/cli-color/-/cli-color-1.2.0.tgz",
      "integrity": "sha1-OlrnT9drYmevZm5p4q+70B3vNNE="
    },
    "concat-map": {
      "version": "0.0.1",
      "resolved": "https://registry.npmjs.org/concat-map/-/concat-map-0.0.1.tgz",
      "integrity": "sha1-2Klr13/Wjfd5OnMDajug1UBdR3s="
    },
    "d": {
      "version": "1.0.0",
      "resolved": "https://registry.npmjs.org/d/-/d-1.0.0.tgz",
      "integrity": "sha1-dUu1v+VUUdpppYuU1F9MWwRi1Y8="
    },
    "es5-ext": {
      "version": "0.10.23",
      "resolved": "https://registry.npmjs.org/es5-ext/-/es5-ext-0.10.23.tgz",
      "integrity": "sha1-dXi1G+l0IHpUh4IbVlOMIk5Oezg="
    },
    "es6-iterator": {
      "version": "2.0.1",
      "resolved": "https://registry.npmjs.org/es6-iterator/-/es6-iterator-2.0.1.tgz",
      "integrity": "sha1-jjGcnwRTv1ddN0lAplWSDlnKVRI="
    },
    "es6-symbol": {
      "version": "3.1.1",
      "resolved": "https://registry.npmjs.org/es6-symbol/-/es6-symbol-3.1.1.tgz",
      "integrity": "sha1-vwDvT9q2uhtG7Le2KbTH7VcVzHc="
    },
    "es6-weak-map": {
      "version": "2.0.2",
      "resolved": "https://registry.npmjs.org/es6-weak-map/-/es6-weak-map-2.0.2.tgz",
      "integrity": "sha1-XjqzIlH/0VOKH45f+hNXdy+S2W8="
    },
    "event-emitter": {
      "version": "0.3.5",
      "resolved": "https://registry.npmjs.org/event-emitter/-/event-emitter-0.3.5.tgz",
      "integrity": "sha1-34xp7vFkeSPHFXuc6DhAYQsCzDk="
    },
    "express": {
      "version": "4.14.0",
      "resolved": "https://registry.npmjs.org/express/-/express-4.14.0.tgz",
      "integrity": "sha1-we4/Qs3Ikfs9xlCoki1R7IR9DWY=",
      "dependencies": {
        "accepts": {
          "version": "1.3.3",
          "resolved": "https://registry.npmjs.org/accepts/-/accepts-1.3.3.tgz",
          "integrity": "sha1-w8p0NJOGSMPg2cHjKN1otiLChMo=",
          "dependencies": {
            "mime-types": {
              "version": "2.1.13",
              "resolved": "https://registry.npmjs.org/mime-types/-/mime-types-2.1.13.tgz",
              "integrity": "sha1-4HqqnGxrmnyjASxpADrSWjnpKog=",
              "dependencies": {
                "mime-db": {
                  "version": "1.25.0",
                  "resolved": "https://registry.npmjs.org/mime-db/-/mime-db-1.25.0.tgz",
                  "integrity": "sha1-wY29fHOl2/b0SgJNwNFloeexw5I="
                }
              }
            },
            "negotiator": {
              "version": "0.6.1",
              "resolved": "https://registry.npmjs.org/negotiator/-/negotiator-0.6.1.tgz",
              "integrity": "sha1-KzJxhOiZIQEXeyhWP7XnECrNDKk="
            }
          }
        },
        "array-flatten": {
          "version": "1.1.1",
          "resolved": "https://registry.npmjs.org/array-flatten/-/array-flatten-1.1.1.tgz",
          "integrity": "sha1-ml9pkFGx5wczKPKgCJaLZOopVdI="
        },
        "content-disposition": {
          "version": "0.5.1",
          "resolved": "https://registry.npmjs.org/content-disposition/-/content-disposition-0.5.1.tgz",
          "integrity": "sha1-h0dsamfI2qh+Muh2Ft+IO6f7Bxs="
        },
        "content-type": {
          "version": "1.0.2",
          "resolved": "https://registry.npmjs.org/content-type/-/content-type-1.0.2.tgz",
          "integrity": "sha1-t9ETrueo3Se9IRM8TcJSnfFyHu0="
        },
        "cookie": {
          "version": "0.3.1",
          "resolved": "https://registry.npmjs.org/cookie/-/cookie-0.3.1.tgz",
          "integrity": "sha1-5+Ch+e9DtMi6klxcWpboBtFoc7s="
        },
        "cookie-signature": {
          "version": "1.0.6",
          "resolved": "https://registry.npmjs.org/cookie-signature/-/cookie-signature-1.0.6.tgz",
          "integrity": "sha1-4wOogrNCzD7oylE6eZmXNNqzriw="
        },
        "debug": {
          "version": "2.2.0",
          "resolved": "https://registry.npmjs.org/debug/-/debug-2.2.0.tgz",
          "integrity": "sha1-+HBX6ZWxofauaklgZkE3vFbwOdo=",
          "dependencies": {
            "ms": {
              "version": "0.7.1",
              "resolved": "https://registry.npmjs.org/ms/-/ms-0.7.1.tgz",
              "integrity": "sha1-nNE8A62/8ltl7/3nzoZO6VIBcJg="
            }
          }
        },
        "depd": {
          "version": "1.1.0",
          "resolved": "https://registry.npmjs.org/depd/-/depd-1.1.0.tgz",
          "integrity": "sha1-4b2Cxqq2ztlluXuIsX7T5SjKGMM="
        },
        "encodeurl": {
          "version": "1.0.1",
          "resolved": "https://registry.npmjs.org/encodeurl/-/encodeurl-1.0.1.tgz",
          "integrity": "sha1-eePVhlU0aQn+bw9Fpd5oEDspTSA="
        },
        "escape-html": {
          "version": "1.0.3",
          "resolved": "https://registry.npmjs.org/escape-html/-/escape-html-1.0.3.tgz",
          "integrity": "sha1-Aljq5NPQwJdN4cFpGI7wBR0dGYg="
        },
        "etag": {
          "version": "1.7.0",
          "resolved": "https://registry.npmjs.org/etag/-/etag-1.7.0.tgz",
          "integrity": "sha1-A9MLX2fdbmMtKUXTDWZScxo01dg="
        },
        "finalhandler": {
          "version": "0.5.0",
          "resolved": "https://registry.npmjs.org/finalhandler/-/finalhandler-0.5.0.tgz",
          "integrity": "sha1-6VCKvs6bbbqHGmlCodeRG5GRGsc=",
          "dependencies": {
            "statuses": {
              "version": "1.3.1",
              "resolved": "https://registry.npmjs.org/statuses/-/statuses-1.3.1.tgz",
              "integrity": "sha1-+vUbnrdKrvOzrPStX2Gr8ky3uT4="
            },
            "unpipe": {
              "version": "1.0.0",
              "resolved": "https://registry.npmjs.org/unpipe/-/unpipe-1.0.0.tgz",
              "integrity": "sha1-sr9O6FFKrmFltIF4KdIbLvSZBOw="
            }
          }
        },
        "fresh": {
          "version": "0.3.0",
          "resolved": "https://registry.npmjs.org/fresh/-/fresh-0.3.0.tgz",
          "integrity": "sha1-ZR+DjiJCTnVm3hYdg1jKoZn4PU8="
        },
        "merge-descriptors": {
          "version": "1.0.1",
          "resolved": "https://registry.npmjs.org/merge-descriptors/-/merge-descriptors-1.0.1.tgz",
          "integrity": "sha1-sAqqVW3YtEVoFQ7J0blT8/kMu2E="
        },
        "methods": {
          "version": "1.1.2",
          "resolved": "https://registry.npmjs.org/methods/-/methods-1.1.2.tgz",
          "integrity": "sha1-VSmk1nZUE07cxSZmVoNbD4Ua/O4="
        },
        "on-finished": {
          "version": "2.3.0",
          "resolved": "https://registry.npmjs.org/on-finished/-/on-finished-2.3.0.tgz",
          "integrity": "sha1-IPEzZIGwg811M3mSoWlxqi2QaUc=",
          "dependencies": {
            "ee-first": {
              "version": "1.1.1",
              "resolved": "https://registry.npmjs.org/ee-first/-/ee-first-1.1.1.tgz",
              "integrity": "sha1-WQxhFWsK4vTwJVcyoViyZrxWsh0="
            }
          }
        },
        "parseurl": {
          "version": "1.3.1",
          "resolved": "https://registry.npmjs.org/parseurl/-/parseurl-1.3.1.tgz",
          "integrity": "sha1-yKuMkiO6NIiKpkopeyiFO+wY2lY="
        },
        "path-to-regexp": {
          "version": "0.1.7",
          "resolved": "https://registry.npmjs.org/path-to-regexp/-/path-to-regexp-0.1.7.tgz",
          "integrity": "sha1-32BBeABfUi8V60SQ5yR6G/qmf4w="
        },
        "proxy-addr": {
          "version": "1.1.2",
          "resolved": "https://registry.npmjs.org/proxy-addr/-/proxy-addr-1.1.2.tgz",
          "integrity": "sha1-tMxfImENlTWCTBI675089zxAujc=",
          "dependencies": {
            "forwarded": {
              "version": "0.1.0",
              "resolved": "https://registry.npmjs.org/forwarded/-/forwarded-0.1.0.tgz",
              "integrity": "sha1-Ge+YdMSuHCl7zweP3mOgm2aoQ2M="
            },
            "ipaddr.js": {
              "version": "1.1.1",
              "resolved": "https://registry.npmjs.org/ipaddr.js/-/ipaddr.js-1.1.1.tgz",
              "integrity": "sha1-x5HZX1KynBJH1d+AraObinNkcjA="
            }
          }
        },
        "qs": {
          "version": "6.2.0",
          "resolved": "https://registry.npmjs.org/qs/-/qs-6.2.0.tgz",
          "integrity": "sha1-O3hIwDwt7OaalSKw+ujEEm10Xzs="
        },
        "range-parser": {
          "version": "1.2.0",
          "resolved": "https://registry.npmjs.org/range-parser/-/range-parser-1.2.0.tgz",
          "integrity": "sha1-9JvmtIeJTdxA3MlKMi9hEJLgDV4="
        },
        "send": {
          "version": "0.14.1",
          "resolved": "https://registry.npmjs.org/send/-/send-0.14.1.tgz",
          "integrity": "sha1-qVSYQyU5L1FTKndgdg5FlZjIn3o=",
          "dependencies": {
            "destroy": {
              "version": "1.0.4",
              "resolved": "https://registry.npmjs.org/destroy/-/destroy-1.0.4.tgz",
              "integrity": "sha1-l4hXRCxEdJ5CBmE+N5RiBYJqvYA="
            },
            "http-errors": {
              "version": "1.5.1",
              "resolved": "https://registry.npmjs.org/http-errors/-/http-errors-1.5.1.tgz",
              "integrity": "sha1-eIwNLB3iyBuebowBhDtrl+uSB1A=",
              "dependencies": {
                "inherits": {
                  "version": "2.0.3",
                  "resolved": "https://registry.npmjs.org/inherits/-/inherits-2.0.3.tgz",
                  "integrity": "sha1-Yzwsg+PaQqUC9SRmAiSA9CCCYd4="
                },
                "setprototypeof": {
                  "version": "1.0.2",
                  "resolved": "https://registry.npmjs.org/setprototypeof/-/setprototypeof-1.0.2.tgz",
                  "integrity": "sha1-gaVSFB7BBLiOic44MQOtXGZWTQg="
                }
              }
            },
            "mime": {
              "version": "1.3.4",
              "resolved": "https://registry.npmjs.org/mime/-/mime-1.3.4.tgz",
              "integrity": "sha1-EV+eO2s9rylZmDyzjxSaLUDrXVM="
            },
            "ms": {
              "version": "0.7.1",
              "resolved": "https://registry.npmjs.org/ms/-/ms-0.7.1.tgz",
              "integrity": "sha1-nNE8A62/8ltl7/3nzoZO6VIBcJg="
            },
            "statuses": {
              "version": "1.3.1",
              "resolved": "https://registry.npmjs.org/statuses/-/statuses-1.3.1.tgz",
              "integrity": "sha1-+vUbnrdKrvOzrPStX2Gr8ky3uT4="
            }
          }
        },
        "serve-static": {
          "version": "1.11.1",
          "resolved": "https://registry.npmjs.org/serve-static/-/serve-static-1.11.1.tgz",
          "integrity": "sha1-1sznaTUF9zPHWd5Xvvwa92wPCAU="
        },
        "type-is": {
          "version": "1.6.14",
          "resolved": "https://registry.npmjs.org/type-is/-/type-is-1.6.14.tgz",
          "integrity": "sha1-4hljnBfe0coHiQkt1UoDgmuBfLI=",
          "dependencies": {
            "media-typer": {
              "version": "0.3.0",
              "resolved": "https://registry.npmjs.org/media-typer/-/media-typer-0.3.0.tgz",
              "integrity": "sha1-hxDXrwqmJvj/+hzgAWhUUmMlV0g="
            },
            "mime-types": {
              "version": "2.1.13",
              "resolved": "https://registry.npmjs.org/mime-types/-/mime-types-2.1.13.tgz",
              "integrity": "sha1-4HqqnGxrmnyjASxpADrSWjnpKog=",
              "dependencies": {
                "mime-db": {
                  "version": "1.25.0",
                  "resolved": "https://registry.npmjs.org/mime-db/-/mime-db-1.25.0.tgz",
                  "integrity": "sha1-wY29fHOl2/b0SgJNwNFloeexw5I="
                }
              }
            }
          }
        },
        "utils-merge": {
          "version": "1.0.0",
          "resolved": "https://registry.npmjs.org/utils-merge/-/utils-merge-1.0.0.tgz",
          "integrity": "sha1-ApT7kiu5N1FTVBxPcJYjHyh8ivg="
        },
        "vary": {
          "version": "1.1.0",
          "resolved": "https://registry.npmjs.org/vary/-/vary-1.1.0.tgz",
          "integrity": "sha1-4eWv+70WrnaN0mdDlLmtMCJlMUA="
        }
      }
    },
    "fs.realpath": {
      "version": "1.0.0",
      "resolved": "https://registry.npmjs.org/fs.realpath/-/fs.realpath-1.0.0.tgz",
      "integrity": "sha1-FQStJSMVjKpA20onh8sBQRmU6k8="
    },
    "glob": {
      "version": "7.1.2",
      "resolved": "https://registry.npmjs.org/glob/-/glob-7.1.2.tgz",
      "integrity": "sha512-MJTUg1kjuLeQCJ+ccE4Vpa6kKVXkPYJ2mOCQyUuKLcLQsdrMCpBPUi8qVE6+YuaJkozeA9NusTAw3hLr8Xe5EQ=="
    },
    "inflight": {
      "version": "1.0.6",
      "resolved": "https://registry.npmjs.org/inflight/-/inflight-1.0.6.tgz",
      "integrity": "sha1-Sb1jMdfQLQwJvJEKEHW6gWW1bfk="
    },
    "inherits": {
      "version": "2.0.3",
      "resolved": "https://registry.npmjs.org/inherits/-/inherits-2.0.3.tgz",
      "integrity": "sha1-Yzwsg+PaQqUC9SRmAiSA9CCCYd4="
    },
    "is-promise": {
      "version": "2.1.0",
      "resolved": "https://registry.npmjs.org/is-promise/-/is-promise-2.1.0.tgz",
      "integrity": "sha1-eaKp7OfwlugPNtKy87wWwf9L8/o="
    },
    "lru-queue": {
      "version": "0.1.0",
      "resolved": "https://registry.npmjs.org/lru-queue/-/lru-queue-0.1.0.tgz",
      "integrity": "sha1-Jzi9nw089PhEkMVzbEhpmsYyzaM="
    },
    "memoizee": {
      "version": "0.4.5",
      "resolved": "https://registry.npmjs.org/memoizee/-/memoizee-0.4.5.tgz",
      "integrity": "sha1-G8PqHkvgVt1HXVIZede+PV5bIcg="
    },
    "minimatch": {
      "version": "3.0.4",
      "resolved": "https://registry.npmjs.org/minimatch/-/minimatch-3.0.4.tgz",
      "integrity": "sha512-yJHVQEhyqPLUTgt9B83PXu6W3rx4MvvHvSUvToogpwoGDOUQ+yDrR0HRot+yOCdCO7u4hX3pWft6kWBBcqh0UA=="
    },
    "minimist": {
      "version": "1.2.0",
      "resolved": "https://registry.npmjs.org/minimist/-/minimist-1.2.0.tgz",
      "integrity": "sha1-o1AIsg9BOD7sH7kU9M1d95omQoQ="
    },
    "miteru": {
      "version": "0.0.2",
      "resolved": "https://registry.npmjs.org/miteru/-/miteru-0.0.2.tgz",
      "integrity": "sha512-hlRLU9joo+4VAx3lfPB+AZIJ+YCpn3+NJSEUhYetyvvHp99s2x4NZF+SFl2E7sXs+mlqCmJRB0zz0JhJVJo84A=="
    },
    "next-tick": {
      "version": "1.0.0",
      "resolved": "https://registry.npmjs.org/next-tick/-/next-tick-1.0.0.tgz",
      "integrity": "sha1-yobR/ogoFpsBICCOPchCS524NCw="
    },
    "once": {
      "version": "1.4.0",
      "resolved": "https://registry.npmjs.org/once/-/once-1.4.0.tgz",
      "integrity": "sha1-WDsap3WWHUsROsF9nFC6753Xa9E="
    },
    "path-is-absolute": {
      "version": "1.0.1",
      "resolved": "https://registry.npmjs.org/path-is-absolute/-/path-is-absolute-1.0.1.tgz",
      "integrity": "sha1-F0uSaHNVNP+8es5r9TpanhtcX18="
    },
    "socket.io": {
      "version": "1.7.2",
      "resolved": "https://registry.npmjs.org/socket.io/-/socket.io-1.7.2.tgz",
      "integrity": "sha1-g7u98ueSY7N4kA2kA+eEPgXcO3E=",
      "dependencies": {
        "debug": {
          "version": "2.3.3",
          "resolved": "https://registry.npmjs.org/debug/-/debug-2.3.3.tgz",
          "integrity": "sha1-QMRT5n5uE8kB3ewxeviYbNqe/4w=",
          "dependencies": {
            "ms": {
              "version": "0.7.2",
              "resolved": "https://registry.npmjs.org/ms/-/ms-0.7.2.tgz",
              "integrity": "sha1-riXPJRKziFodldfwN4aNhDESR2U="
            }
          }
        },
        "engine.io": {
          "version": "1.8.2",
          "resolved": "https://registry.npmjs.org/engine.io/-/engine.io-1.8.2.tgz",
          "integrity": "sha1-a1m+cws0jAElsKRYneHDVavPen4=",
          "dependencies": {
            "accepts": {
              "version": "1.3.3",
              "resolved": "https://registry.npmjs.org/accepts/-/accepts-1.3.3.tgz",
              "integrity": "sha1-w8p0NJOGSMPg2cHjKN1otiLChMo=",
              "dependencies": {
                "mime-types": {
                  "version": "2.1.13",
                  "resolved": "https://registry.npmjs.org/mime-types/-/mime-types-2.1.13.tgz",
                  "integrity": "sha1-4HqqnGxrmnyjASxpADrSWjnpKog=",
                  "dependencies": {
                    "mime-db": {
                      "version": "1.25.0",
                      "resolved": "https://registry.npmjs.org/mime-db/-/mime-db-1.25.0.tgz",
                      "integrity": "sha1-wY29fHOl2/b0SgJNwNFloeexw5I="
                    }
                  }
                },
                "negotiator": {
                  "version": "0.6.1",
                  "resolved": "https://registry.npmjs.org/negotiator/-/negotiator-0.6.1.tgz",
                  "integrity": "sha1-KzJxhOiZIQEXeyhWP7XnECrNDKk="
                }
              }
            },
            "base64id": {
              "version": "1.0.0",
              "resolved": "https://registry.npmjs.org/base64id/-/base64id-1.0.0.tgz",
              "integrity": "sha1-R2iMuZu2gE8OBtPnY7HDLlfY5rY="
            },
            "cookie": {
              "version": "0.3.1",
              "resolved": "https://registry.npmjs.org/cookie/-/cookie-0.3.1.tgz",
              "integrity": "sha1-5+Ch+e9DtMi6klxcWpboBtFoc7s="
            },
            "engine.io-parser": {
              "version": "1.3.2",
              "resolved": "https://registry.npmjs.org/engine.io-parser/-/engine.io-parser-1.3.2.tgz",
              "integrity": "sha1-k3sHnwAH0Ik+xW1GyyILjLQ1Igo=",
              "dependencies": {
                "after": {
                  "version": "0.8.2",
                  "resolved": "https://registry.npmjs.org/after/-/after-0.8.2.tgz",
                  "integrity": "sha1-/ts5T58OAqqXaOcCvaI7UF+ufh8="
                },
                "arraybuffer.slice": {
                  "version": "0.0.6",
                  "resolved": "https://registry.npmjs.org/arraybuffer.slice/-/arraybuffer.slice-0.0.6.tgz",
                  "integrity": "sha1-8zshWfBTKj8xB6JywMz70a0peco="
                },
                "base64-arraybuffer": {
                  "version": "0.1.5",
                  "resolved": "https://registry.npmjs.org/base64-arraybuffer/-/base64-arraybuffer-0.1.5.tgz",
                  "integrity": "sha1-c5JncZI7Whl0etZmqlzUv5xunOg="
                },
                "blob": {
                  "version": "0.0.4",
                  "resolved": "https://registry.npmjs.org/blob/-/blob-0.0.4.tgz",
                  "integrity": "sha1-vPEwUspURj8w+fx+lbmkdjCpSSE="
                },
                "wtf-8": {
                  "version": "1.0.0",
                  "resolved": "https://registry.npmjs.org/wtf-8/-/wtf-8-1.0.0.tgz",
                  "integrity": "sha1-OS2LotDxw00e4tYw8V0O+2jhBIo="
                }
              }
            },
            "ws": {
              "version": "1.1.1",
              "resolved": "https://registry.npmjs.org/ws/-/ws-1.1.1.tgz",
              "integrity": "sha1-CC3bbGQehdS7RR8D1S8G6r2x8Bg=",
              "dependencies": {
                "options": {
                  "version": "0.0.6",
                  "resolved": "https://registry.npmjs.org/options/-/options-0.0.6.tgz",
                  "integrity": "sha1-7CLTEoBrtT5zF3Pnza788cZDEo8="
                },
                "ultron": {
                  "version": "1.0.2",
                  "resolved": "https://registry.npmjs.org/ultron/-/ultron-1.0.2.tgz",
                  "integrity": "sha1-rOEWq1V80Zc4ak6I9GhTeMiy5Po="
                }
              }
            }
          }
        },
        "has-binary": {
          "version": "0.1.7",
          "resolved": "https://registry.npmjs.org/has-binary/-/has-binary-0.1.7.tgz",
          "integrity": "sha1-aOYesWIQyVRaClzOBqhzkS/h5ow=",
          "dependencies": {
            "isarray": {
              "version": "0.0.1",
              "resolved": "https://registry.npmjs.org/isarray/-/isarray-0.0.1.tgz",
              "integrity": "sha1-ihis/Kmo9Bd+Cav8YDiTmwXR7t8="
            }
          }
        },
        "object-assign": {
          "version": "4.1.0",
          "resolved": "https://registry.npmjs.org/object-assign/-/object-assign-4.1.0.tgz",
          "integrity": "sha1-ejs9DpgGPUP0wD8uiubNUahog6A="
        },
        "socket.io-adapter": {
          "version": "0.5.0",
          "resolved": "https://registry.npmjs.org/socket.io-adapter/-/socket.io-adapter-0.5.0.tgz",
          "integrity": "sha1-y21LuL7IHhB4uZZ3+c7QBGBmu4s="
        },
        "socket.io-client": {
          "version": "1.7.2",
          "resolved": "https://registry.npmjs.org/socket.io-client/-/socket.io-client-1.7.2.tgz",
          "integrity": "sha1-Of2ww91FDjIbfkDP2DYS7FM91kQ=",
          "dependencies": {
            "backo2": {
              "version": "1.0.2",
              "resolved": "https://registry.npmjs.org/backo2/-/backo2-1.0.2.tgz",
              "integrity": "sha1-MasayLEpNjRj41s+u2n038+6eUc="
            },
            "component-bind": {
              "version": "1.0.0",
              "resolved": "https://registry.npmjs.org/component-bind/-/component-bind-1.0.0.tgz",
              "integrity": "sha1-AMYIq33Nk4l8AAllGx06jh5zu9E="
            },
            "component-emitter": {
              "version": "1.2.1",
              "resolved": "https://registry.npmjs.org/component-emitter/-/component-emitter-1.2.1.tgz",
              "integrity": "sha1-E3kY1teCg/ffemt8WmPhQOaUJeY="
            },
            "engine.io-client": {
              "version": "1.8.2",
              "resolved": "https://registry.npmjs.org/engine.io-client/-/engine.io-client-1.8.2.tgz",
              "integrity": "sha1-w4dnVH8qfRhPV1L28K1QEAZwN2Y=",
              "dependencies": {
                "component-inherit": {
                  "version": "0.0.3",
                  "resolved": "https://registry.npmjs.org/component-inherit/-/component-inherit-0.0.3.tgz",
                  "integrity": "sha1-ZF/ErfWLcrZJ1crmUTVhnbJv8UM="
                },
                "engine.io-parser": {
                  "version": "1.3.2",
                  "resolved": "https://registry.npmjs.org/engine.io-parser/-/engine.io-parser-1.3.2.tgz",
                  "integrity": "sha1-k3sHnwAH0Ik+xW1GyyILjLQ1Igo=",
                  "dependencies": {
                    "after": {
                      "version": "0.8.2",
                      "resolved": "https://registry.npmjs.org/after/-/after-0.8.2.tgz",
                      "integrity": "sha1-/ts5T58OAqqXaOcCvaI7UF+ufh8="
                    },
                    "arraybuffer.slice": {
                      "version": "0.0.6",
                      "resolved": "https://registry.npmjs.org/arraybuffer.slice/-/arraybuffer.slice-0.0.6.tgz",
                      "integrity": "sha1-8zshWfBTKj8xB6JywMz70a0peco="
                    },
                    "base64-arraybuffer": {
                      "version": "0.1.5",
                      "resolved": "https://registry.npmjs.org/base64-arraybuffer/-/base64-arraybuffer-0.1.5.tgz",
                      "integrity": "sha1-c5JncZI7Whl0etZmqlzUv5xunOg="
                    },
                    "blob": {
                      "version": "0.0.4",
                      "resolved": "https://registry.npmjs.org/blob/-/blob-0.0.4.tgz",
                      "integrity": "sha1-vPEwUspURj8w+fx+lbmkdjCpSSE="
                    },
                    "wtf-8": {
                      "version": "1.0.0",
                      "resolved": "https://registry.npmjs.org/wtf-8/-/wtf-8-1.0.0.tgz",
                      "integrity": "sha1-OS2LotDxw00e4tYw8V0O+2jhBIo="
                    }
                  }
                },
                "has-cors": {
                  "version": "1.1.0",
                  "resolved": "https://registry.npmjs.org/has-cors/-/has-cors-1.1.0.tgz",
                  "integrity": "sha1-XkdHk/fqmEPRu5nCPu9J/xJv/zk="
                },
                "parsejson": {
                  "version": "0.0.3",
                  "resolved": "https://registry.npmjs.org/parsejson/-/parsejson-0.0.3.tgz",
                  "integrity": "sha1-q343WfIJ7OmUN5c/fQ8fZK4OZKs=",
                  "dependencies": {
                    "better-assert": {
                      "version": "1.0.2",
                      "resolved": "https://registry.npmjs.org/better-assert/-/better-assert-1.0.2.tgz",
                      "integrity": "sha1-QIZrnhueC1W0gYlDEeaPr/rrxSI=",
                      "dependencies": {
                        "callsite": {
                          "version": "1.0.0",
                          "resolved": "https://registry.npmjs.org/callsite/-/callsite-1.0.0.tgz",
                          "integrity": "sha1-KAOY5dZkvXQDi28JBRU+borxvCA="
                        }
                      }
                    }
                  }
                },
                "parseqs": {
                  "version": "0.0.5",
                  "resolved": "https://registry.npmjs.org/parseqs/-/parseqs-0.0.5.tgz",
                  "integrity": "sha1-1SCKNzjkZ2bikbouoXNoSSGouJ0=",
                  "dependencies": {
                    "better-assert": {
                      "version": "1.0.2",
                      "resolved": "https://registry.npmjs.org/better-assert/-/better-assert-1.0.2.tgz",
                      "integrity": "sha1-QIZrnhueC1W0gYlDEeaPr/rrxSI=",
                      "dependencies": {
                        "callsite": {
                          "version": "1.0.0",
                          "resolved": "https://registry.npmjs.org/callsite/-/callsite-1.0.0.tgz",
                          "integrity": "sha1-KAOY5dZkvXQDi28JBRU+borxvCA="
                        }
                      }
                    }
                  }
                },
                "ws": {
                  "version": "1.1.1",
                  "resolved": "https://registry.npmjs.org/ws/-/ws-1.1.1.tgz",
                  "integrity": "sha1-CC3bbGQehdS7RR8D1S8G6r2x8Bg=",
                  "dependencies": {
                    "options": {
                      "version": "0.0.6",
                      "resolved": "https://registry.npmjs.org/options/-/options-0.0.6.tgz",
                      "integrity": "sha1-7CLTEoBrtT5zF3Pnza788cZDEo8="
                    },
                    "ultron": {
                      "version": "1.0.2",
                      "resolved": "https://registry.npmjs.org/ultron/-/ultron-1.0.2.tgz",
                      "integrity": "sha1-rOEWq1V80Zc4ak6I9GhTeMiy5Po="
                    }
                  }
                },
                "xmlhttprequest-ssl": {
                  "version": "1.5.3",
                  "resolved": "https://registry.npmjs.org/xmlhttprequest-ssl/-/xmlhttprequest-ssl-1.5.3.tgz",
                  "integrity": "sha1-GFqIjATspGw+QHDZn3tJ3jUomS0="
                },
                "yeast": {
                  "version": "0.1.2",
                  "resolved": "https://registry.npmjs.org/yeast/-/yeast-0.1.2.tgz",
                  "integrity": "sha1-AI4G2AlDIMNy28L47XagymyKxBk="
                }
              }
            },
            "indexof": {
              "version": "0.0.1",
              "resolved": "https://registry.npmjs.org/indexof/-/indexof-0.0.1.tgz",
              "integrity": "sha1-gtwzbSMrkGIXnQWrMpOmYFn9Q10="
            },
            "object-component": {
              "version": "0.0.3",
              "resolved": "https://registry.npmjs.org/object-component/-/object-component-0.0.3.tgz",
              "integrity": "sha1-8MaapQ78lbhmwYb0AKM3acsvEpE="
            },
            "parseuri": {
              "version": "0.0.5",
              "resolved": "https://registry.npmjs.org/parseuri/-/parseuri-0.0.5.tgz",
              "integrity": "sha1-gCBKUNTbt3m/3G6+J3jZDkvOMgo=",
              "dependencies": {
                "better-assert": {
                  "version": "1.0.2",
                  "resolved": "https://registry.npmjs.org/better-assert/-/better-assert-1.0.2.tgz",
                  "integrity": "sha1-QIZrnhueC1W0gYlDEeaPr/rrxSI=",
                  "dependencies": {
                    "callsite": {
                      "version": "1.0.0",
                      "resolved": "https://registry.npmjs.org/callsite/-/callsite-1.0.0.tgz",
                      "integrity": "sha1-KAOY5dZkvXQDi28JBRU+borxvCA="
                    }
                  }
                }
              }
            },
            "to-array": {
              "version": "0.1.4",
              "resolved": "https://registry.npmjs.org/to-array/-/to-array-0.1.4.tgz",
              "integrity": "sha1-F+bBH3PdTz10zaek/zI46a2b+JA="
            }
          }
        },
        "socket.io-parser": {
          "version": "2.3.1",
          "resolved": "https://registry.npmjs.org/socket.io-parser/-/socket.io-parser-2.3.1.tgz",
          "integrity": "sha1-3VMgJRA85Clpcya+/WQAX8/ltKA=",
          "dependencies": {
            "component-emitter": {
              "version": "1.1.2",
              "resolved": "https://registry.npmjs.org/component-emitter/-/component-emitter-1.1.2.tgz",
              "integrity": "sha1-KWWU8nU9qmOZbSrwjRWpURbJrsM="
            },
            "debug": {
              "version": "2.2.0",
              "resolved": "https://registry.npmjs.org/debug/-/debug-2.2.0.tgz",
              "integrity": "sha1-+HBX6ZWxofauaklgZkE3vFbwOdo=",
              "dependencies": {
                "ms": {
                  "version": "0.7.1",
                  "resolved": "https://registry.npmjs.org/ms/-/ms-0.7.1.tgz",
                  "integrity": "sha1-nNE8A62/8ltl7/3nzoZO6VIBcJg="
                }
              }
            },
            "isarray": {
              "version": "0.0.1",
              "resolved": "https://registry.npmjs.org/isarray/-/isarray-0.0.1.tgz",
              "integrity": "sha1-ihis/Kmo9Bd+Cav8YDiTmwXR7t8="
            },
            "json3": {
              "version": "3.3.2",
              "resolved": "https://registry.npmjs.org/json3/-/json3-3.3.2.tgz",
              "integrity": "sha1-PAQ0dD35Pi9cQq7nsZvLSDV19OE="
            }
          }
        }
      }
    },
    "timers-ext": {
      "version": "0.1.2",
      "resolved": "https://registry.npmjs.org/timers-ext/-/timers-ext-0.1.2.tgz",
      "integrity": "sha1-YcxHp2wavTGV8UUn+XjViulMUgQ="
    },
    "wooster": {
      "version": "0.0.9",
      "resolved": "https://registry.npmjs.org/wooster/-/wooster-0.0.9.tgz",
      "integrity": "sha512-eqWWFkIS7LTO761LWodGCl701GPas+l1ZeMxfwtESaBvJ6HZPMxL2W76qJxs/tWw3y5fLOf7CCeqTZ1etvuxGw=="
    },
    "wrappy": {
      "version": "1.0.2",
      "resolved": "https://registry.npmjs.org/wrappy/-/wrappy-1.0.2.tgz",
      "integrity": "sha1-tSQ9jz7BqjXxNkYFvA0QNuMKtp8="
    }
  }
}
